<?xml version="1.0" encoding="utf-8"?>
<Project ToolsVersion="4.0" xmlns="http://schemas.microsoft.com/developer/msbuild/2003">
  <ItemGroup>
    <Filter Include="소스 파일">
      <UniqueIdentifier>{4FC737F1-C7A5-4376-A066-2A32D752A2FF}</UniqueIdentifier>
      <Extensions>cpp;c;cc;cxx;c++;cppm;ixx;def;odl;idl;hpj;bat;asm;asmx</Extensions>
    </Filter>
    <Filter Include="헤더 파일">
      <UniqueIdentifier>{93995380-89BD-4b04-88EB-625FBE52EBFB}</UniqueIdentifier>
      <Extensions>h;hh;hpp;hxx;h++;hm;inl;inc;ipp;xsd</Extensions>
    </Filter>
    <Filter Include="리소스 파일">
      <UniqueIdentifier>{67DA6AB6-F800-4c08-8B7A-83BB121AAD01}</UniqueIdentifier>
      <Extensions>rc;ico;cur;bmp;dlg;rc2;rct;bin;rgs;gif;jpg;jpeg;jpe;resx;tiff;tif;png;wav;mfcribbon-ms</Extensions>
    </Filter>
  </ItemGroup>
  <ItemGroup>
    <ClCompile Include="SimpleAdder.cpp">
      <Filter>소스 파일</Filter>
    </ClCompile>
    <ClCompile Include="StringIO.cpp">
      <Filter>소스 파일</Filter>
    </ClCompile>
    <ClCompile Include="FunctionOverloading.cpp">
      <Filter>소스 파일</Filter>
    </ClCompile>
    <ClCompile Include="InlineFunc.cpp">
      <Filter>소스 파일</Filter>
    </ClCompile>
    <ClCompile Include="NameSp2.cpp">
      <Filter>소스 파일</Filter>
    </ClCompile>
    <ClCompile Include="NameAlias.cpp">
      <Filter>소스 파일</Filter>
    </ClCompile>
    <ClCompile Include="Referen.cpp">
      <Filter>소스 파일</Filter>
    </ClCompile>
    <ClCompile Include="MemMalFree.cpp">
      <Filter>소스 파일</Filter>
    </ClCompile>
    <ClCompile Include="NewDelete.cpp">
      <Filter>소스 파일</Filter>
    </ClCompile>
    <ClCompile Include="RacingCar.cpp">
      <Filter>소스 파일</Filter>
    </ClCompile>
    <ClCompile Include="Car.cpp">
      <Filter>소스 파일</Filter>
    </ClCompile>
    <ClCompile Include="RacingMain.cpp">
      <Filter>소스 파일</Filter>
    </ClCompile>
    <ClCompile Include="SelfRef.cpp">
      <Filter>소스 파일</Filter>
    </ClCompile>
    <ClCompile Include="ConstObject.cpp">
      <Filter>소스 파일</Filter>
    </ClCompile>
    <ClCompile Include="MyFriendClass.cpp">
      <Filter>소스 파일</Filter>
    </ClCompile>
    <ClCompile Include="CComStatic.cpp">
      <Filter>소스 파일</Filter>
    </ClCompile>
    <ClCompile Include="Mutable.cpp">
      <Filter>소스 파일</Filter>
    </ClCompile>
    <ClCompile Include="AddFunctionTemplate.cpp">
      <Filter>소스 파일</Filter>
    </ClCompile>
    <ClCompile Include="TwoTypeAddFunction.cpp">
      <Filter>소스 파일</Filter>
    </ClCompile>
    <ClCompile Include="PrimitveFunctionTemplate.cpp">
      <Filter>소스 파일</Filter>
    </ClCompile>
    <ClCompile Include="PointClassTemplate.cpp">
      <Filter>소스 파일</Filter>
    </ClCompile>
    <ClCompile Include="PointTemplate.cpp">
      <Filter>소스 파일</Filter>
    </ClCompile>
    <ClCompile Include="PointMain.cpp">
      <Filter>소스 파일</Filter>
    </ClCompile>
    <ClCompile Include="With_Mutext.cpp">
      <Filter>소스 파일</Filter>
    </ClCompile>
  </ItemGroup>
  <ItemGroup>
    <ClInclude Include="Car.h">
      <Filter>헤더 파일</Filter>
    </ClInclude>
    <ClInclude Include="PointTemplate.h">
      <Filter>헤더 파일</Filter>
    </ClInclude>
  </ItemGroup>
</Project>